github.com/go-chi/chi/v5 v5.0.8 h1:lD+NLqFcAi1ovnVZpsnObHGW4xb4J8lNmoYVfECH1Y0=
github.com/go-chi/chi/v5 v5.0.8/go.mod h1:DslCQbL2OYiznFReuXYUmQ2hGd1aDpCnlMNITLSKoi8=
github.com/go-chi/cors v1.2.1 h1:xEC8UT3Rlp2QuWNEr4Fs/c2EAGVKBwy/1vHx3bppil4=
github.com/go-chi/cors v1.2.1/go.mod h1:sSbTewc+6wYHBBCW7ytsFSn836hqM7JxpglAy2Vzc58=
github.com/jaydamon/http-toolbox v0.0.0-20221228140848-a3634d4041fe h1:WpxUC1JKlcDEMp9M6gmy3apJoDYpSHqvlsGqv/66fuU=
github.com/jaydamon/http-toolbox v0.0.0-20221228140848-a3634d4041fe/go.mod h1:uA4pMkA4cbZmtH6aQYUwNRij8O3BPAF6/9Bpy1+AHBA=
